// !$*UTF8*$!
{
	archiveVersion = 1;
	classes = {
	};
	objectVersion = 47;
	objects = {

/* Begin PBXBuildFile section */
		DA3455111BD9DD6D00D1AC22 /* AppDelegate.swift in Sources */ = {isa = PBXBuildFile; fileRef = DA3455101BD9DD6D00D1AC22 /* AppDelegate.swift */; };
		DA3455131BD9DD6D00D1AC22 /* ViewController.swift in Sources */ = {isa = PBXBuildFile; fileRef = DA3455121BD9DD6D00D1AC22 /* ViewController.swift */; };
		DA3455161BD9DD6D00D1AC22 /* Main.storyboard in Resources */ = {isa = PBXBuildFile; fileRef = DA3455141BD9DD6D00D1AC22 /* Main.storyboard */; };
		DA3455181BD9DD6D00D1AC22 /* Assets.xcassets in Resources */ = {isa = PBXBuildFile; fileRef = DA3455171BD9DD6D00D1AC22 /* Assets.xcassets */; };
		DA34551B1BD9DD6D00D1AC22 /* LaunchScreen.storyboard in Resources */ = {isa = PBXBuildFile; fileRef = DA3455191BD9DD6D00D1AC22 /* LaunchScreen.storyboard */; };
		DA3455261BD9DD6D00D1AC22 /* TravLogTests.swift in Sources */ = {isa = PBXBuildFile; fileRef = DA3455251BD9DD6D00D1AC22 /* TravLogTests.swift */; };
		DA3455351BE1C91300D1AC22 /* SignInController.swift in Sources */ = {isa = PBXBuildFile; fileRef = DA3455341BE1C91300D1AC22 /* SignInController.swift */; };
		DA3455371BE1CE9600D1AC22 /* RegisterController.swift in Sources */ = {isa = PBXBuildFile; fileRef = DA3455361BE1CE9600D1AC22 /* RegisterController.swift */; };
		DA3455391BE1CEBF00D1AC22 /* SurveyController.swift in Sources */ = {isa = PBXBuildFile; fileRef = DA3455381BE1CEBF00D1AC22 /* SurveyController.swift */; };
		DA34553B1BE1CF1900D1AC22 /* ContactController.swift in Sources */ = {isa = PBXBuildFile; fileRef = DA34553A1BE1CF1900D1AC22 /* ContactController.swift */; };
		DA34553D1BE1CF3700D1AC22 /* HomeController.swift in Sources */ = {isa = PBXBuildFile; fileRef = DA34553C1BE1CF3700D1AC22 /* HomeController.swift */; };
/* End PBXBuildFile section */

/* Begin PBXContainerItemProxy section */
		DA3455221BD9DD6D00D1AC22 /* PBXContainerItemProxy */ = {
			isa = PBXContainerItemProxy;
			containerPortal = DA3455051BD9DD6D00D1AC22 /* Project object */;
			proxyType = 1;
			remoteGlobalIDString = DA34550C1BD9DD6D00D1AC22;
			remoteInfo = TravLog;
		};
/* End PBXContainerItemProxy section */

/* Begin PBXFileReference section */
		DA34550D1BD9DD6D00D1AC22 /* TravLog.app */ = {isa = PBXFileReference; explicitFileType = wrapper.application; includeInIndex = 0; path = TravLog.app; sourceTree = BUILT_PRODUCTS_DIR; };
		DA3455101BD9DD6D00D1AC22 /* AppDelegate.swift */ = {isa = PBXFileReference; lastKnownFileType = sourcecode.swift; path = AppDelegate.swift; sourceTree = "<group>"; };
		DA3455121BD9DD6D00D1AC22 /* ViewController.swift */ = {isa = PBXFileReference; lastKnownFileType = sourcecode.swift; path = ViewController.swift; sourceTree = "<group>"; };
		DA3455151BD9DD6D00D1AC22 /* Base */ = {isa = PBXFileReference; lastKnownFileType = file.storyboard; name = Base; path = Base.lproj/Main.storyboard; sourceTree = "<group>"; };
		DA3455171BD9DD6D00D1AC22 /* Assets.xcassets */ = {isa = PBXFileReference; lastKnownFileType = folder.assetcatalog; path = Assets.xcassets; sourceTree = "<group>"; };
		DA34551A1BD9DD6D00D1AC22 /* Base */ = {isa = PBXFileReference; lastKnownFileType = file.storyboard; name = Base; path = Base.lproj/LaunchScreen.storyboard; sourceTree = "<group>"; };
		DA34551C1BD9DD6D00D1AC22 /* Info.plist */ = {isa = PBXFileReference; lastKnownFileType = text.plist.xml; path = Info.plist; sourceTree = "<group>"; };
		DA3455211BD9DD6D00D1AC22 /* TravLogTests.xctest */ = {isa = PBXFileReference; explicitFileType = wrapper.cfbundle; includeInIndex = 0; path = TravLogTests.xctest; sourceTree = BUILT_PRODUCTS_DIR; };
		DA3455251BD9DD6D00D1AC22 /* TravLogTests.swift */ = {isa = PBXFileReference; lastKnownFileType = sourcecode.swift; path = TravLogTests.swift; sourceTree = "<group>"; };
		DA3455271BD9DD6D00D1AC22 /* Info.plist */ = {isa = PBXFileReference; lastKnownFileType = text.plist.xml; path = Info.plist; sourceTree = "<group>"; };
		DA3455341BE1C91300D1AC22 /* SignInController.swift */ = {isa = PBXFileReference; fileEncoding = 4; lastKnownFileType = sourcecode.swift; path = SignInController.swift; sourceTree = "<group>"; };
		DA3455361BE1CE9600D1AC22 /* RegisterController.swift */ = {isa = PBXFileReference; fileEncoding = 4; lastKnownFileType = sourcecode.swift; path = RegisterController.swift; sourceTree = "<group>"; };
		DA3455381BE1CEBF00D1AC22 /* SurveyController.swift */ = {isa = PBXFileReference; fileEncoding = 4; lastKnownFileType = sourcecode.swift; path = SurveyController.swift; sourceTree = "<group>"; };
		DA34553A1BE1CF1900D1AC22 /* ContactController.swift */ = {isa = PBXFileReference; fileEncoding = 4; lastKnownFileType = sourcecode.swift; path = ContactController.swift; sourceTree = "<group>"; };
		DA34553C1BE1CF3700D1AC22 /* HomeController.swift */ = {isa = PBXFileReference; fileEncoding = 4; lastKnownFileType = sourcecode.swift; path = HomeController.swift; sourceTree = "<group>"; };
/* End PBXFileReference section */

/* Begin PBXFrameworksBuildPhase section */
		DA34550A1BD9DD6D00D1AC22 /* Frameworks */ = {
			isa = PBXFrameworksBuildPhase;
			buildActionMask = 2147483647;
			files = (
			);
			runOnlyForDeploymentPostprocessing = 0;
		};
		DA34551E1BD9DD6D00D1AC22 /* Frameworks */ = {
			isa = PBXFrameworksBuildPhase;
			buildActionMask = 2147483647;
			files = (
			);
			runOnlyForDeploymentPostprocessing = 0;
		};
/* End PBXFrameworksBuildPhase section */

/* Begin PBXGroup section */
		DA3455041BD9DD6D00D1AC22 = {
			isa = PBXGroup;
			children = (
				DA34550F1BD9DD6D00D1AC22 /* TravLog */,
				DA3455241BD9DD6D00D1AC22 /* TravLogTests */,
				DA34550E1BD9DD6D00D1AC22 /* Products */,
			);
			sourceTree = "<group>";
		};
		DA34550E1BD9DD6D00D1AC22 /* Products */ = {
			isa = PBXGroup;
			children = (
				DA34550D1BD9DD6D00D1AC22 /* TravLog.app */,
				DA3455211BD9DD6D00D1AC22 /* TravLogTests.xctest */,
			);
			name = Products;
			sourceTree = "<group>";
		};
		DA34550F1BD9DD6D00D1AC22 /* TravLog */ = {
			isa = PBXGroup;
			children = (
				DA3455101BD9DD6D00D1AC22 /* AppDelegate.swift */,
				DA3455121BD9DD6D00D1AC22 /* ViewController.swift */,
				DA3455141BD9DD6D00D1AC22 /* Main.storyboard */,
				DA3455171BD9DD6D00D1AC22 /* Assets.xcassets */,
				DA3455341BE1C91300D1AC22 /* SignInController.swift */,
				DA3455191BD9DD6D00D1AC22 /* LaunchScreen.storyboard */,
				DA34553A1BE1CF1900D1AC22 /* ContactController.swift */,
				DA3455381BE1CEBF00D1AC22 /* SurveyController.swift */,
				DA34553C1BE1CF3700D1AC22 /* HomeController.swift */,
				DA34553E1BE26F3D00D1AC22 /* Supporting Files */,
				DA3455361BE1CE9600D1AC22 /* RegisterController.swift */,
			);
			path = TravLog;
			sourceTree = "<group>";
		};
		DA3455241BD9DD6D00D1AC22 /* TravLogTests */ = {
			isa = PBXGroup;
			children = (
				DA3455251BD9DD6D00D1AC22 /* TravLogTests.swift */,
				DA3455271BD9DD6D00D1AC22 /* Info.plist */,
			);
			path = TravLogTests;
			sourceTree = "<group>";
		};
		DA34553E1BE26F3D00D1AC22 /* Supporting Files */ = {
			isa = PBXGroup;
			children = (
				DA34551C1BD9DD6D00D1AC22 /* Info.plist */,
			);
			name = "Supporting Files";
			sourceTree = "<group>";
		};
/* End PBXGroup section */

/* Begin PBXNativeTarget section */
		DA34550C1BD9DD6D00D1AC22 /* TravLog */ = {
			isa = PBXNativeTarget;
			buildConfigurationList = DA34552A1BD9DD6D00D1AC22 /* Build configuration list for PBXNativeTarget "TravLog" */;
			buildPhases = (
				DA3455091BD9DD6D00D1AC22 /* Sources */,
				DA34550A1BD9DD6D00D1AC22 /* Frameworks */,
				DA34550B1BD9DD6D00D1AC22 /* Resources */,
			);
			buildRules = (
			);
			dependencies = (
			);
			name = TravLog;
			productName = TravLog;
			productReference = DA34550D1BD9DD6D00D1AC22 /* TravLog.app */;
			productType = "com.apple.product-type.application";
		};
		DA3455201BD9DD6D00D1AC22 /* TravLogTests */ = {
			isa = PBXNativeTarget;
			buildConfigurationList = DA34552D1BD9DD6D00D1AC22 /* Build configuration list for PBXNativeTarget "TravLogTests" */;
			buildPhases = (
				DA34551D1BD9DD6D00D1AC22 /* Sources */,
				DA34551E1BD9DD6D00D1AC22 /* Frameworks */,
				DA34551F1BD9DD6D00D1AC22 /* Resources */,
			);
			buildRules = (
			);
			dependencies = (
				DA3455231BD9DD6D00D1AC22 /* PBXTargetDependency */,
			);
			name = TravLogTests;
			productName = TravLogTests;
			productReference = DA3455211BD9DD6D00D1AC22 /* TravLogTests.xctest */;
			productType = "com.apple.product-type.bundle.unit-test";
		};
/* End PBXNativeTarget section */

/* Begin PBXProject section */
		DA3455051BD9DD6D00D1AC22 /* Project object */ = {
			isa = PBXProject;
			attributes = {
				LastSwiftUpdateCheck = 0710;
				LastUpgradeCheck = 0710;
				ORGANIZATIONNAME = TravLog;
				TargetAttributes = {
					DA34550C1BD9DD6D00D1AC22 = {
						CreatedOnToolsVersion = 7.1;
					};
					DA3455201BD9DD6D00D1AC22 = {
						CreatedOnToolsVersion = 7.1;
						TestTargetID = DA34550C1BD9DD6D00D1AC22;
					};
				};
			};
			buildConfigurationList = DA3455081BD9DD6D00D1AC22 /* Build configuration list for PBXProject "TravLog" */;
			compatibilityVersion = "Xcode 6.3";
			developmentRegion = English;
			hasScannedForEncodings = 0;
			knownRegions = (
				en,
				Base,
			);
			mainGroup = DA3455041BD9DD6D00D1AC22;
			productRefGroup = DA34550E1BD9DD6D00D1AC22 /* Products */;
			projectDirPath = "";
			projectRoot = "";
			targets = (
				DA34550C1BD9DD6D00D1AC22 /* TravLog */,
				DA3455201BD9DD6D00D1AC22 /* TravLogTests */,
			);
		};
/* End PBXProject section */

/* Begin PBXResourcesBuildPhase section */
		DA34550B1BD9DD6D00D1AC22 /* Resources */ = {
			isa = PBXResourcesBuildPhase;
			buildActionMask = 2147483647;
			files = (
				DA34551B1BD9DD6D00D1AC22 /* LaunchScreen.storyboard in Resources */,
				DA3455181BD9DD6D00D1AC22 /* Assets.xcassets in Resources */,
				DA3455161BD9DD6D00D1AC22 /* Main.storyboard in Resources */,
			);
			runOnlyForDeploymentPostprocessing = 0;
		};
		DA34551F1BD9DD6D00D1AC22 /* Resources */ = {
			isa = PBXResourcesBuildPhase;
			buildActionMask = 2147483647;
			files = (
			);
			runOnlyForDeploymentPostprocessing = 0;
		};
/* End PBXResourcesBuildPhase section */

/* Begin PBXSourcesBuildPhase section */
		DA3455091BD9DD6D00D1AC22 /* Sources */ = {
			isa = PBXSourcesBuildPhase;
			buildActionMask = 2147483647;
			files = (
				DA3455371BE1CE9600D1AC22 /* RegisterController.swift in Sources */,
				DA3455351BE1C91300D1AC22 /* SignInController.swift in Sources */,
				DA34553D1BE1CF3700D1AC22 /* HomeController.swift in Sources */,
				DA34553B1BE1CF1900D1AC22 /* ContactController.swift in Sources */,
				DA3455131BD9DD6D00D1AC22 /* ViewController.swift in Sources */,
				DA3455111BD9DD6D00D1AC22 /* AppDelegate.swift in Sources */,
				DA3455391BE1CEBF00D1AC22 /* SurveyController.swift in Sources */,
			);
			runOnlyForDeploymentPostprocessing = 0;
		};
		DA34551D1BD9DD6D00D1AC22 /* Sources */ = {
			isa = PBXSourcesBuildPhase;
			buildActionMask = 2147483647;
			files = (
				DA3455261BD9DD6D00D1AC22 /* TravLogTests.swift in Sources */,
			);
			runOnlyForDeploymentPostprocessing = 0;
		};
/* End PBXSourcesBuildPhase section */

/* Begin PBXTargetDependency section */
		DA3455231BD9DD6D00D1AC22 /* PBXTargetDependency */ = {
			isa = PBXTargetDependency;
			target = DA34550C1BD9DD6D00D1AC22 /* TravLog */;
			targetProxy = DA3455221BD9DD6D00D1AC22 /* PBXContainerItemProxy */;
		};
/* End PBXTargetDependency section */

/* Begin PBXVariantGroup section */
		DA3455141BD9DD6D00D1AC22 /* Main.storyboard */ = {
			isa = PBXVariantGroup;
			children = (
				DA3455151BD9DD6D00D1AC22 /* Base */,
			);
			name = Main.storyboard;
			sourceTree = "<group>";
		};
		DA3455191BD9DD6D00D1AC22 /* LaunchScreen.storyboard */ = {
			isa = PBXVariantGroup;
			children = (
				DA34551A1BD9DD6D00D1AC22 /* Base */,
			);
			name = LaunchScreen.storyboard;
			sourceTree = "<group>";
		};
/* End PBXVariantGroup section */

/* Begin XCBuildConfiguration section */
		DA3455281BD9DD6D00D1AC22 /* Debug */ = {
			isa = XCBuildConfiguration;
			buildSettings = {
				ALWAYS_SEARCH_USER_PATHS = NO;
				CLANG_CXX_LANGUAGE_STANDARD = "gnu++0x";
				CLANG_CXX_LIBRARY = "libc++";
				CLANG_ENABLE_MODULES = YES;
				CLANG_ENABLE_OBJC_ARC = YES;
				CLANG_WARN_BOOL_CONVERSION = YES;
				CLANG_WARN_CONSTANT_CONVERSION = YES;
				CLANG_WARN_DIRECT_OBJC_ISA_USAGE = YES_ERROR;
				CLANG_WARN_EMPTY_BODY = YES;
				CLANG_WARN_ENUM_CONVERSION = YES;
				CLANG_WARN_INT_CONVERSION = YES;
				CLANG_WARN_OBJC_ROOT_CLASS = YES_ERROR;
				CLANG_WARN_UNREACHABLE_CODE = YES;
				CLANG_WARN__DUPLICATE_METHOD_MATCH = YES;
				"CODE_SIGN_IDENTITY[sdk=iphoneos*]" = "iPhone Developer";
				COPY_PHASE_STRIP = NO;
				DEBUG_INFORMATION_FORMAT = dwarf;
				ENABLE_STRICT_OBJC_MSGSEND = YES;
				ENABLE_TESTABILITY = YES;
				GCC_C_LANGUAGE_STANDARD = gnu99;
				GCC_DYNAMIC_NO_PIC = NO;
				GCC_NO_COMMON_BLOCKS = YES;
				GCC_OPTIMIZATION_LEVEL = 0;
				GCC_PREPROCESSOR_DEFINITIONS = (
					"DEBUG=1",
					"$(inherited)",
				);
				GCC_WARN_64_TO_32_BIT_CONVERSION = YES;
				GCC_WARN_ABOUT_RETURN_TYPE = YES_ERROR;
				GCC_WARN_UNDECLARED_SELECTOR = YES;
				GCC_WARN_UNINITIALIZED_AUTOS = YES_AGGRESSIVE;
				GCC_WARN_UNUSED_FUNCTION = YES;
				GCC_WARN_UNUSED_VARIABLE = YES;
				IPHONEOS_DEPLOYMENT_TARGET = 9.1;
				MTL_ENABLE_DEBUG_INFO = YES;
				ONLY_ACTIVE_ARCH = YES;
				SDKROOT = iphoneos;
				SWIFT_OPTIMIZATION_LEVEL = "-Onone";
			};
			name = Debug;
		};
		DA3455291BD9DD6D00D1AC22 /* Release */ = {
			isa = XCBuildConfiguration;
			buildSettings = {
				ALWAYS_SEARCH_USER_PATHS = NO;
				CLANG_CXX_LANGUAGE_STANDARD = "gnu++0x";
				CLANG_CXX_LIBRARY = "libc++";
				CLANG_ENABLE_MODULES = YES;
				CLANG_ENABLE_OBJC_ARC = YES;
				CLANG_WARN_BOOL_CONVERSION = YES;
				CLANG_WARN_CONSTANT_CONVERSION = YES;
				CLANG_WARN_DIRECT_OBJC_ISA_USAGE = YES_ERROR;
				CLANG_WARN_EMPTY_BODY = YES;
				CLANG_WARN_ENUM_CONVERSION = YES;
				CLANG_WARN_INT_CONVERSION = YES;
				CLANG_WARN_OBJC_ROOT_CLASS = YES_ERROR;
				CLANG_WARN_UNREACHABLE_CODE = YES;
				CLANG_WARN__DUPLICATE_METHOD_MATCH = YES;
				"CODE_SIGN_IDENTITY[sdk=iphoneos*]" = "iPhone Developer";
				COPY_PHASE_STRIP = NO;
				DEBUG_INFORMATION_FORMAT = "dwarf-with-dsym";
				ENABLE_NS_ASSERTIONS = NO;
				ENABLE_STRICT_OBJC_MSGSEND = YES;
				GCC_C_LANGUAGE_STANDARD = gnu99;
				GCC_NO_COMMON_BLOCKS = YES;
				GCC_WARN_64_TO_32_BIT_CONVERSION = YES;
				GCC_WARN_ABOUT_RETURN_TYPE = YES_ERROR;
				GCC_WARN_UNDECLARED_SELECTOR = YES;
				GCC_WARN_UNINITIALIZED_AUTOS = YES_AGGRESSIVE;
				GCC_WARN_UNUSED_FUNCTION = YES;
				GCC_WARN_UNUSED_VARIABLE = YES;
				IPHONEOS_DEPLOYMENT_TARGET = 9.1;
				MTL_ENABLE_DEBUG_INFO = NO;
				SDKROOT = iphoneos;
				VALIDATE_PRODUCT = YES;
			};
			name = Release;
		};
		DA34552B1BD9DD6D00D1AC22 /* Debug */ = {
			isa = XCBuildConfiguration;
			buildSettings = {
				ASSETCATALOG_COMPILER_APPICON_NAME = AppIcon;
				INFOPLIST_FILE = TravLog/Info.plist;
				LD_RUNPATH_SEARCH_PATHS = "$(inherited) @executable_path/Frameworks";
				PRODUCT_BUNDLE_IDENTIFIER = cs275.TravLog;
				PRODUCT_NAME = "$(TARGET_NAME)";
				TARGETED_DEVICE_FAMILY = 1;
			};
			name = Debug;
		};
		DA34552C1BD9DD6D00D1AC22 /* Release */ = {
			isa = XCBuildConfiguration;
			buildSettings = {
				ASSETCATALOG_COMPILER_APPICON_NAME = AppIcon;
				INFOPLIST_FILE = TravLog/Info.plist;
				LD_RUNPATH_SEARCH_PATHS = "$(inherited) @executable_path/Frameworks";
				PRODUCT_BUNDLE_IDENTIFIER = cs275.TravLog;
				PRODUCT_NAME = "$(TARGET_NAME)";
				TARGETED_DEVICE_FAMILY = 1;
			};
			name = Release;
		};
		DA34552E1BD9DD6D00D1AC22 /* Debug */ = {
			isa = XCBuildConfiguration;
			buildSettings = {
				BUNDLE_LOADER = "$(TEST_HOST)";
				INFOPLIST_FILE = TravLogTests/Info.plist;
				LD_RUNPATH_SEARCH_PATHS = "$(inherited) @executable_path/Frameworks @loader_path/Frameworks";
				PRODUCT_BUNDLE_IDENTIFIER = cs275.TravLogTests;
				PRODUCT_NAME = "$(TARGET_NAME)";
				TEST_HOST = "$(BUILT_PRODUCTS_DIR)/TravLog.app/TravLog";
			};
			name = Debug;
		};
		DA34552F1BD9DD6D00D1AC22 /* Release */ = {
			isa = XCBuildConfiguration;
			buildSettings = {
				BUNDLE_LOADER = "$(TEST_HOST)";
				INFOPLIST_FILE = TravLogTests/Info.plist;
				LD_RUNPATH_SEARCH_PATHS = "$(inherited) @executable_path/Frameworks @loader_path/Frameworks";
				PRODUCT_BUNDLE_IDENTIFIER = cs275.TravLogTests;
				PRODUCT_NAME = "$(TARGET_NAME)";
				TEST_HOST = "$(BUILT_PRODUCTS_DIR)/TravLog.app/TravLog";
			};
			name = Release;
		};
/* End XCBuildConfiguration section */

/* Begin XCConfigurationList section */
		DA3455081BD9DD6D00D1AC22 /* Build configuration list for PBXProject "TravLog" */ = {
			isa = XCConfigurationList;
			buildConfigurations = (
				DA3455281BD9DD6D00D1AC22 /* Debug */,
				DA3455291BD9DD6D00D1AC22 /* Release */,
			);
			defaultConfigurationIsVisible = 0;
			defaultConfigurationName = Release;
		};
		DA34552A1BD9DD6D00D1AC22 /* Build configuration list for PBXNativeTarget "TravLog" */ = {
			isa = XCConfigurationList;
			buildConfigurations = (
				DA34552B1BD9DD6D00D1AC22 /* Debug */,
				DA34552C1BD9DD6D00D1AC22 /* Release */,
			);
			defaultConfigurationIsVisible = 0;
		};
		DA34552D1BD9DD6D00D1AC22 /* Build configuration list for PBXNativeTarget "TravLogTests" */ = {
			isa = XCConfigurationList;
			buildConfigurations = (
				DA34552E1BD9DD6D00D1AC22 /* Debug */,
				DA34552F1BD9DD6D00D1AC22 /* Release */,
			);
			defaultConfigurationIsVisible = 0;
		};
/* End XCConfigurationList section */
	};
	rootObject = DA3455051BD9DD6D00D1AC22 /* Project object */;
}
